// !$*UTF8*$!
{
	archiveVersion = 1;
	classes = {
	};
	objectVersion = 56;
	objects = {

		b7332a3fd4068af672084b1c /* AppDelegate.swift */ = {isa = PBXFileReference; lastKnownFileType = sourcecode.swift; path = "AppDelegate.swift"; sourceTree = "<group>"; };
		4ce974d343a092d39c150dd5 /* AppPreferences.swift */ = {isa = PBXFileReference; lastKnownFileType = sourcecode.swift; path = "Core/AppPreferences.swift"; sourceTree = "<group>"; };
		851bd537f21e5d9b5523b545 /* BrightnessBackend.swift */ = {isa = PBXFileReference; lastKnownFileType = sourcecode.swift; path = "Core/BrightnessBackend.swift"; sourceTree = "<group>"; };
		885564d63b9987f2551a5a0f /* DDCBrightnessBackend.swift */ = {isa = PBXFileReference; lastKnownFileType = sourcecode.swift; path = "Core/DDCBrightnessBackend.swift"; sourceTree = "<group>"; };
		24b654e9979d8fa3db1aa110 /* DisplayGamma.swift */ = {isa = PBXFileReference; lastKnownFileType = sourcecode.swift; path = "Core/DisplayGamma.swift"; sourceTree = "<group>"; };
		1f67bbd7a5da349d5d1f67e6 /* DisplayRouter.swift */ = {isa = PBXFileReference; lastKnownFileType = sourcecode.swift; path = "Core/DisplayRouter.swift"; sourceTree = "<group>"; };
		83c91501614c830a021141d0 /* GammaBrightnessBackend.swift */ = {isa = PBXFileReference; lastKnownFileType = sourcecode.swift; path = "Core/GammaBrightnessBackend.swift"; sourceTree = "<group>"; };
		10bbc06f1f2ab424a2994f26 /* OverlayBrightnessBackend.swift */ = {isa = PBXFileReference; lastKnownFileType = sourcecode.swift; path = "Core/OverlayBrightnessBackend.swift"; sourceTree = "<group>"; };
		997e8526cf95cc9b123649bf /* PermissionManager.swift */ = {isa = PBXFileReference; lastKnownFileType = sourcecode.swift; path = "Core/PermissionManager.swift"; sourceTree = "<group>"; };
		61bf0778c2447113249f17b7 /* WindowSnappingService.swift */ = {isa = PBXFileReference; lastKnownFileType = sourcecode.swift; path = "Core/WindowSnappingService.swift"; sourceTree = "<group>"; };
		4e57b2123a97d1937d8922d5 /* WindowSwitcherService.swift */ = {isa = PBXFileReference; lastKnownFileType = sourcecode.swift; path = "Core/WindowSwitcherService.swift"; sourceTree = "<group>"; };
		405611d520f4fd811efa2c2d /* BrightnessDesign.swift */ = {isa = PBXFileReference; lastKnownFileType = sourcecode.swift; path = "Design/BrightnessDesign.swift"; sourceTree = "<group>"; };
		e1a268f131720890304cc0e6 /* PopoverAnimationToken.swift */ = {isa = PBXFileReference; lastKnownFileType = sourcecode.swift; path = "Design/PopoverAnimationToken.swift"; sourceTree = "<group>"; };
		056359415e281b168f890319 /* PopoverAppearModifier.swift */ = {isa = PBXFileReference; lastKnownFileType = sourcecode.swift; path = "Design/PopoverAppearModifier.swift"; sourceTree = "<group>"; };
		8f0a4e6bb4db82c174ab69c6 /* MyMenuApp.swift */ = {isa = PBXFileReference; lastKnownFileType = sourcecode.swift; path = "MyMenuApp.swift"; sourceTree = "<group>"; };
		4ff1b52dd7415371e3cdac92 /* PopoverWindowController.swift */ = {isa = PBXFileReference; lastKnownFileType = sourcecode.swift; path = "PopoverWindowController.swift"; sourceTree = "<group>"; };
		50485432d5ff66b0fdcbb465 /* Arm64DDC.swift */ = {isa = PBXFileReference; lastKnownFileType = sourcecode.swift; path = "ThirdParty/Arm64DDC.swift"; sourceTree = "<group>"; };
		e635c7eb2d07da1953179aaf /* BrightnessPopoverView.swift */ = {isa = PBXFileReference; lastKnownFileType = sourcecode.swift; path = "Views/BrightnessPopoverView.swift"; sourceTree = "<group>"; };
		21242883bc1cfcf1495221fc /* ExternalBrightnessSlider.swift */ = {isa = PBXFileReference; lastKnownFileType = sourcecode.swift; path = "Views/ExternalBrightnessSlider.swift"; sourceTree = "<group>"; };
		8b1a60e206485331b3e81294 /* GlassBrightnessControl.swift */ = {isa = PBXFileReference; lastKnownFileType = sourcecode.swift; path = "Views/GlassBrightnessControl.swift"; sourceTree = "<group>"; };
		45a915429b1df55c0831d076 /* WindowSwitcherHUDView.swift */ = {isa = PBXFileReference; lastKnownFileType = sourcecode.swift; path = "Views/WindowSwitcherHUDView.swift"; sourceTree = "<group>"; };
		9446222969d6df045e92face /* MyMenu.app */ = {isa = PBXFileReference; explicitFileType = wrapper.application; includeInIndex = 0; path = MyMenu.app; sourceTree = BUILT_PRODUCTS_DIR; };
		c22b816941bf3d8a123dbf0d /* CoreDisplay.framework */ = {isa = PBXFileReference; lastKnownFileType = wrapper.framework; name = CoreDisplay.framework; path = System/Library/Frameworks/CoreDisplay.framework; sourceTree = SDKROOT; };
		c5549c34fe08563f20571f9f /* CoreDisplay.framework in Frameworks */ = {isa = PBXBuildFile; fileRef = c22b816941bf3d8a123dbf0d /* CoreDisplay.framework */; };
		INFO_PLIST /* Info.plist */ = {isa = PBXFileReference; lastKnownFileType = text.plist.xml; path = Info.plist; sourceTree = "<group>"; };
		ENTITLEMENTS /* MyMenu.entitlements */ = {isa = PBXFileReference; lastKnownFileType = text.plist.entitlements; path = MyMenu.entitlements; sourceTree = "<group>"; };
		BRIDGING /* Bridging-Header.h */ = {isa = PBXFileReference; lastKnownFileType = sourcecode.c.h; path = "Bridging-Header.h"; sourceTree = "<group>"; };

		6dc8acf5d57e224f8163f195 /* AppDelegate.swift in Sources */ = {isa = PBXBuildFile; fileRef = b7332a3fd4068af672084b1c /* AppDelegate.swift */; };
		0279fc5907d93fd779c0a58f /* AppPreferences.swift in Sources */ = {isa = PBXBuildFile; fileRef = 4ce974d343a092d39c150dd5 /* AppPreferences.swift */; };
		bee5a3faade2b0464f3e8119 /* BrightnessBackend.swift in Sources */ = {isa = PBXBuildFile; fileRef = 851bd537f21e5d9b5523b545 /* BrightnessBackend.swift */; };
		1271b40a5b1ad134357f08cf /* DDCBrightnessBackend.swift in Sources */ = {isa = PBXBuildFile; fileRef = 885564d63b9987f2551a5a0f /* DDCBrightnessBackend.swift */; };
		4419a3bc767a394428e72942 /* DisplayGamma.swift in Sources */ = {isa = PBXBuildFile; fileRef = 24b654e9979d8fa3db1aa110 /* DisplayGamma.swift */; };
		fe89f5bc714a3969768266b5 /* DisplayRouter.swift in Sources */ = {isa = PBXBuildFile; fileRef = 1f67bbd7a5da349d5d1f67e6 /* DisplayRouter.swift */; };
		baeb6f4e0b1ff8571c32cb3b /* GammaBrightnessBackend.swift in Sources */ = {isa = PBXBuildFile; fileRef = 83c91501614c830a021141d0 /* GammaBrightnessBackend.swift */; };
		3e8654c4763b93981a1e7dde /* OverlayBrightnessBackend.swift in Sources */ = {isa = PBXBuildFile; fileRef = 10bbc06f1f2ab424a2994f26 /* OverlayBrightnessBackend.swift */; };
		3aeee0794358acdb57245fa0 /* PermissionManager.swift in Sources */ = {isa = PBXBuildFile; fileRef = 997e8526cf95cc9b123649bf /* PermissionManager.swift */; };
		7083aff25194c806462cecb8 /* WindowSnappingService.swift in Sources */ = {isa = PBXBuildFile; fileRef = 61bf0778c2447113249f17b7 /* WindowSnappingService.swift */; };
		0d86dfe8703e402951c8c6cb /* WindowSwitcherService.swift in Sources */ = {isa = PBXBuildFile; fileRef = 4e57b2123a97d1937d8922d5 /* WindowSwitcherService.swift */; };
		85a657e065b64cf1e8dfbc89 /* BrightnessDesign.swift in Sources */ = {isa = PBXBuildFile; fileRef = 405611d520f4fd811efa2c2d /* BrightnessDesign.swift */; };
		ee77733d5840c92e6717ace6 /* PopoverAnimationToken.swift in Sources */ = {isa = PBXBuildFile; fileRef = e1a268f131720890304cc0e6 /* PopoverAnimationToken.swift */; };
		cfd52b565969ef31df2e1d9c /* PopoverAppearModifier.swift in Sources */ = {isa = PBXBuildFile; fileRef = 056359415e281b168f890319 /* PopoverAppearModifier.swift */; };
		dd5cee1f26ff539f1db35f12 /* MyMenuApp.swift in Sources */ = {isa = PBXBuildFile; fileRef = 8f0a4e6bb4db82c174ab69c6 /* MyMenuApp.swift */; };
		8d4d998b523839ed58f2d0d4 /* PopoverWindowController.swift in Sources */ = {isa = PBXBuildFile; fileRef = 4ff1b52dd7415371e3cdac92 /* PopoverWindowController.swift */; };
		46d82575e438a4974c69a3ca /* Arm64DDC.swift in Sources */ = {isa = PBXBuildFile; fileRef = 50485432d5ff66b0fdcbb465 /* Arm64DDC.swift */; };
		f1ea75582ae27afa712d1dcc /* BrightnessPopoverView.swift in Sources */ = {isa = PBXBuildFile; fileRef = e635c7eb2d07da1953179aaf /* BrightnessPopoverView.swift */; };
		262931bf164a840552c26cfb /* ExternalBrightnessSlider.swift in Sources */ = {isa = PBXBuildFile; fileRef = 21242883bc1cfcf1495221fc /* ExternalBrightnessSlider.swift */; };
		eecd509fd465d30060685e46 /* GlassBrightnessControl.swift in Sources */ = {isa = PBXBuildFile; fileRef = 8b1a60e206485331b3e81294 /* GlassBrightnessControl.swift */; };
		e64e426a58f27892e6cf9666 /* WindowSwitcherHUDView.swift in Sources */ = {isa = PBXBuildFile; fileRef = 45a915429b1df55c0831d076 /* WindowSwitcherHUDView.swift */; };
		34a04005bcaf206eec990bd9 /* MyMenu */ = {
			isa = PBXNativeTarget;
			buildConfigurationList = c9ac0e5561b76df225864e4f /* Build configuration list for PBXNativeTarget "MyMenu" */;
			buildPhases = (
				d626f04df571b9bb2451cbfe /* Sources */,
				951ddecb505d289b8bc956e6 /* Frameworks */,
			);
			buildRules = (
			);
			dependencies = (
			);
			name = MyMenu;
			productName = MyMenu;
			productReference = 9446222969d6df045e92face /* MyMenu.app */;
			productType = "com.apple.product-type.application";
		};
		244210e48437b6556980a702 /* Project object */ = {
			isa = PBXProject;
			attributes = {
				BuildIndependentTargetsInParallel = 1;
				LastSwiftUpdateCheck = 2600;
				LastUpgradeCheck = 2600;
			};
			buildConfigurationList = 810d04fac018f0d6b4c10aab /* Build configuration list for PBXProject "MyMenu" */;
			compatibilityVersion = "Xcode 14.0";
			developmentRegion = en;
			hasScannedForEncodings = 0;
			knownRegions = (
				en,
				Base,
			);
			mainGroup = GROUP_ROOT;
			productRefGroup = GROUP_PRODUCTS /* Products */;
			projectDirPath = "";
			projectRoot = "";
			targets = (
				34a04005bcaf206eec990bd9 /* MyMenu */,
			);
		};
		d626f04df571b9bb2451cbfe /* Sources */ = {
			isa = PBXSourcesBuildPhase;
			buildActionMask = 2147483647;
			files = (

				6dc8acf5d57e224f8163f195 /* AppDelegate.swift in Sources */,
				0279fc5907d93fd779c0a58f /* AppPreferences.swift in Sources */,
				bee5a3faade2b0464f3e8119 /* BrightnessBackend.swift in Sources */,
				1271b40a5b1ad134357f08cf /* DDCBrightnessBackend.swift in Sources */,
				4419a3bc767a394428e72942 /* DisplayGamma.swift in Sources */,
				fe89f5bc714a3969768266b5 /* DisplayRouter.swift in Sources */,
				baeb6f4e0b1ff8571c32cb3b /* GammaBrightnessBackend.swift in Sources */,
				3e8654c4763b93981a1e7dde /* OverlayBrightnessBackend.swift in Sources */,
				3aeee0794358acdb57245fa0 /* PermissionManager.swift in Sources */,
				7083aff25194c806462cecb8 /* WindowSnappingService.swift in Sources */,
				0d86dfe8703e402951c8c6cb /* WindowSwitcherService.swift in Sources */,
				85a657e065b64cf1e8dfbc89 /* BrightnessDesign.swift in Sources */,
				ee77733d5840c92e6717ace6 /* PopoverAnimationToken.swift in Sources */,
				cfd52b565969ef31df2e1d9c /* PopoverAppearModifier.swift in Sources */,
				dd5cee1f26ff539f1db35f12 /* MyMenuApp.swift in Sources */,
				8d4d998b523839ed58f2d0d4 /* PopoverWindowController.swift in Sources */,
				46d82575e438a4974c69a3ca /* Arm64DDC.swift in Sources */,
				f1ea75582ae27afa712d1dcc /* BrightnessPopoverView.swift in Sources */,
				262931bf164a840552c26cfb /* ExternalBrightnessSlider.swift in Sources */,
				eecd509fd465d30060685e46 /* GlassBrightnessControl.swift in Sources */,
				e64e426a58f27892e6cf9666 /* WindowSwitcherHUDView.swift in Sources */,
			);
			runOnlyForDeploymentPostprocessing = 0;
		};
		951ddecb505d289b8bc956e6 /* Frameworks */ = {
			isa = PBXFrameworksBuildPhase;
			buildActionMask = 2147483647;
			files = (
				c5549c34fe08563f20571f9f /* CoreDisplay.framework in Frameworks */,
			);
			runOnlyForDeploymentPostprocessing = 0;
		};
		18ec20a4eaeb4e104c0ec275 /* Debug */ = {
			isa = XCBuildConfiguration;
			buildSettings = {
				ALWAYS_SEARCH_USER_PATHS = NO;
				CLANG_ENABLE_MODULES = YES;
				COPY_PHASE_STRIP = NO;
				DEBUG_INFORMATION_FORMAT = dwarf;
				ENABLE_TESTABILITY = YES;
				GCC_DYNAMIC_NO_PIC = NO;
				GCC_OPTIMIZATION_LEVEL = 0;
				MACOSX_DEPLOYMENT_TARGET = 26.0;
				ONLY_ACTIVE_ARCH = YES;
				SDKROOT = macosx;
				SWIFT_ACTIVE_COMPILATION_CONDITIONS = "DEBUG $(inherited)";
				SWIFT_OPTIMIZATION_LEVEL = "-Onone";
			};
			name = Debug;
		};
		2674433f00289106639deaf2 /* Release */ = {
			isa = XCBuildConfiguration;
			buildSettings = {
				ALWAYS_SEARCH_USER_PATHS = NO;
				CLANG_ENABLE_MODULES = YES;
				COPY_PHASE_STRIP = NO;
				DEBUG_INFORMATION_FORMAT = "dwarf-with-dsym";
				MACOSX_DEPLOYMENT_TARGET = 26.0;
				SDKROOT = macosx;
				SWIFT_COMPILATION_MODE = wholemodule;
			};
			name = Release;
		};
		f69051e9b8c43ad4e9ed711e /* Debug */ = {
			isa = XCBuildConfiguration;
			buildSettings = {
				CODE_SIGN_ENTITLEMENTS = MyMenu/MyMenu.entitlements;
				CODE_SIGN_STYLE = Automatic;
				COMBINE_HIDPI_IMAGES = YES;
				CURRENT_PROJECT_VERSION = 1;
				DEVELOPMENT_TEAM = "";
				ENABLE_HARDENED_RUNTIME = YES;
				GENERATE_INFOPLIST_FILE = NO;
				INFOPLIST_FILE = MyMenu/Info.plist;
				LD_RUNPATH_SEARCH_PATHS = "$(inherited) @executable_path/../Frameworks";
				MARKETING_VERSION = 0.1.0;
				PRODUCT_BUNDLE_IDENTIFIER = com.mymenu.MyMenu;
				PRODUCT_NAME = "$(TARGET_NAME)";
				SWIFT_EMIT_LOC_STRINGS = YES;
				SWIFT_OBJC_BRIDGING_HEADER = "MyMenu/ThirdParty/Bridging-Header.h";
				SWIFT_VERSION = 5.0;
			};
			name = Debug;
		};
		13c0bbe6af4fb7508857148c /* Release */ = {
			isa = XCBuildConfiguration;
			buildSettings = {
				CODE_SIGN_ENTITLEMENTS = MyMenu/MyMenu.entitlements;
				CODE_SIGN_STYLE = Automatic;
				COMBINE_HIDPI_IMAGES = YES;
				CURRENT_PROJECT_VERSION = 1;
				DEVELOPMENT_TEAM = "";
				ENABLE_HARDENED_RUNTIME = YES;
				GENERATE_INFOPLIST_FILE = NO;
				INFOPLIST_FILE = MyMenu/Info.plist;
				LD_RUNPATH_SEARCH_PATHS = "$(inherited) @executable_path/../Frameworks";
				MARKETING_VERSION = 0.1.0;
				PRODUCT_BUNDLE_IDENTIFIER = com.mymenu.MyMenu;
				PRODUCT_NAME = "$(TARGET_NAME)";
				SWIFT_EMIT_LOC_STRINGS = YES;
				SWIFT_OBJC_BRIDGING_HEADER = "MyMenu/ThirdParty/Bridging-Header.h";
				SWIFT_VERSION = 5.0;
			};
			name = Release;
		};
		810d04fac018f0d6b4c10aab /* Build configuration list for PBXProject "MyMenu" */ = {
			isa = XCConfigurationList;
			buildConfigurations = (
				18ec20a4eaeb4e104c0ec275 /* Debug */,
				2674433f00289106639deaf2 /* Release */,
			);
			defaultConfigurationIsVisible = 0;
			defaultConfigurationName = Release;
		};
		c9ac0e5561b76df225864e4f /* Build configuration list for PBXNativeTarget "MyMenu" */ = {
			isa = XCConfigurationList;
			buildConfigurations = (
				f69051e9b8c43ad4e9ed711e /* Debug */,
				13c0bbe6af4fb7508857148c /* Release */,
			);
			defaultConfigurationIsVisible = 0;
			defaultConfigurationName = Release;
		};
		GROUP_ROOT = {
			isa = PBXGroup;
			children = (
				GROUP_MYMENU /* MyMenu */,
				GROUP_PRODUCTS /* Products */,
			);
			sourceTree = "<group>";
		};
		GROUP_PRODUCTS /* Products */ = {
			isa = PBXGroup;
			children = (
				9446222969d6df045e92face /* MyMenu.app */,
			);
			name = Products;
			sourceTree = "<group>";
		};
		GROUP_MYMENU /* MyMenu */ = {
			isa = PBXGroup;
			children = (
				INFO_PLIST /* Info.plist */,
				ENTITLEMENTS /* MyMenu.entitlements */,

				b7332a3fd4068af672084b1c /* AppDelegate.swift */,
				4ce974d343a092d39c150dd5 /* AppPreferences.swift */,
				851bd537f21e5d9b5523b545 /* BrightnessBackend.swift */,
				885564d63b9987f2551a5a0f /* DDCBrightnessBackend.swift */,
				24b654e9979d8fa3db1aa110 /* DisplayGamma.swift */,
				1f67bbd7a5da349d5d1f67e6 /* DisplayRouter.swift */,
				83c91501614c830a021141d0 /* GammaBrightnessBackend.swift */,
				10bbc06f1f2ab424a2994f26 /* OverlayBrightnessBackend.swift */,
				997e8526cf95cc9b123649bf /* PermissionManager.swift */,
				61bf0778c2447113249f17b7 /* WindowSnappingService.swift */,
				4e57b2123a97d1937d8922d5 /* WindowSwitcherService.swift */,
				405611d520f4fd811efa2c2d /* BrightnessDesign.swift */,
				e1a268f131720890304cc0e6 /* PopoverAnimationToken.swift */,
				056359415e281b168f890319 /* PopoverAppearModifier.swift */,
				8f0a4e6bb4db82c174ab69c6 /* MyMenuApp.swift */,
				4ff1b52dd7415371e3cdac92 /* PopoverWindowController.swift */,
				50485432d5ff66b0fdcbb465 /* Arm64DDC.swift */,
				e635c7eb2d07da1953179aaf /* BrightnessPopoverView.swift */,
				21242883bc1cfcf1495221fc /* ExternalBrightnessSlider.swift */,
				8b1a60e206485331b3e81294 /* GlassBrightnessControl.swift */,
				45a915429b1df55c0831d076 /* WindowSwitcherHUDView.swift */,
			);
			path = MyMenu;
			sourceTree = "<group>";
		};
	};
	rootObject = 244210e48437b6556980a702 /* Project object */;
}
