// !$*UTF8*$!
{
	archiveVersion = 1;
	classes = {
	};
	objectVersion = 56;
	objects = {

/* Begin PBXBuildFile section */
		BFW01 /* CoreDisplay.framework in Frameworks */ = {isa = PBXBuildFile; fileRef = FFW01; };
		B001 /* MyMenuApp.swift in Sources */ = {isa = PBXBuildFile; fileRef = F001; };
		B014 /* AppDelegate.swift in Sources */ = {isa = PBXBuildFile; fileRef = F017; };
		B002 /* BrightnessBackend.swift in Sources */ = {isa = PBXBuildFile; fileRef = F002; };
		B003 /* DDCBrightnessBackend.swift in Sources */ = {isa = PBXBuildFile; fileRef = F003; };
		B004 /* DisplayRouter.swift in Sources */ = {isa = PBXBuildFile; fileRef = F004; };
		B005 /* GammaBrightnessBackend.swift in Sources */ = {isa = PBXBuildFile; fileRef = F005; };
		B006 /* OverlayBrightnessBackend.swift in Sources */ = {isa = PBXBuildFile; fileRef = F006; };
		B007 /* BrightnessDesign.swift in Sources */ = {isa = PBXBuildFile; fileRef = F007; };
		B008 /* BrightnessPopoverView.swift in Sources */ = {isa = PBXBuildFile; fileRef = F008; };
		B009 /* ExternalBrightnessSlider.swift in Sources */ = {isa = PBXBuildFile; fileRef = F009; };
		B010 /* Arm64DDC.swift in Sources */ = {isa = PBXBuildFile; fileRef = F010; };
		B011 /* PopoverAppearModifier.swift in Sources */ = {isa = PBXBuildFile; fileRef = F014; };
		B013 /* GlassBrightnessControl.swift in Sources */ = {isa = PBXBuildFile; fileRef = F016; };
		B015 /* PopoverWindowController.swift in Sources */ = {isa = PBXBuildFile; fileRef = F018; };
		B016 /* PopoverAnimationToken.swift in Sources */ = {isa = PBXBuildFile; fileRef = F019; };
		B017 /* DisplayGamma.swift in Sources */ = {isa = PBXBuildFile; fileRef = F020; };
/* End PBXBuildFile section */

/* Begin PBXFileReference section */
		F001 /* MyMenuApp.swift */ = {isa = PBXFileReference; lastKnownFileType = sourcecode.swift; path = MyMenuApp.swift; sourceTree = "<group>"; };
		F017 /* AppDelegate.swift */ = {isa = PBXFileReference; lastKnownFileType = sourcecode.swift; path = AppDelegate.swift; sourceTree = "<group>"; };
		F002 /* BrightnessBackend.swift */ = {isa = PBXFileReference; lastKnownFileType = sourcecode.swift; path = BrightnessBackend.swift; sourceTree = "<group>"; };
		F003 /* DDCBrightnessBackend.swift */ = {isa = PBXFileReference; lastKnownFileType = sourcecode.swift; path = DDCBrightnessBackend.swift; sourceTree = "<group>"; };
		F004 /* DisplayRouter.swift */ = {isa = PBXFileReference; lastKnownFileType = sourcecode.swift; path = DisplayRouter.swift; sourceTree = "<group>"; };
		F005 /* GammaBrightnessBackend.swift */ = {isa = PBXFileReference; lastKnownFileType = sourcecode.swift; path = GammaBrightnessBackend.swift; sourceTree = "<group>"; };
		F006 /* OverlayBrightnessBackend.swift */ = {isa = PBXFileReference; lastKnownFileType = sourcecode.swift; path = OverlayBrightnessBackend.swift; sourceTree = "<group>"; };
		F007 /* BrightnessDesign.swift */ = {isa = PBXFileReference; lastKnownFileType = sourcecode.swift; path = BrightnessDesign.swift; sourceTree = "<group>"; };
		F008 /* BrightnessPopoverView.swift */ = {isa = PBXFileReference; lastKnownFileType = sourcecode.swift; path = BrightnessPopoverView.swift; sourceTree = "<group>"; };
		F009 /* ExternalBrightnessSlider.swift */ = {isa = PBXFileReference; lastKnownFileType = sourcecode.swift; path = ExternalBrightnessSlider.swift; sourceTree = "<group>"; };
		F010 /* Arm64DDC.swift */ = {isa = PBXFileReference; lastKnownFileType = sourcecode.swift; path = Arm64DDC.swift; sourceTree = "<group>"; };
		F011 /* Info.plist */ = {isa = PBXFileReference; lastKnownFileType = text.plist.xml; path = Info.plist; sourceTree = "<group>"; };
		F012 /* MyMenu.entitlements */ = {isa = PBXFileReference; lastKnownFileType = text.plist.entitlements; path = MyMenu.entitlements; sourceTree = "<group>"; };
		F013 /* Bridging-Header.h */ = {isa = PBXFileReference; lastKnownFileType = sourcecode.c.h; path = "Bridging-Header.h"; sourceTree = "<group>"; };
		F014 /* PopoverAppearModifier.swift */ = {isa = PBXFileReference; lastKnownFileType = sourcecode.swift; path = PopoverAppearModifier.swift; sourceTree = "<group>"; };
		F016 /* GlassBrightnessControl.swift */ = {isa = PBXFileReference; lastKnownFileType = sourcecode.swift; path = GlassBrightnessControl.swift; sourceTree = "<group>"; };
		F018 /* PopoverWindowController.swift */ = {isa = PBXFileReference; lastKnownFileType = sourcecode.swift; path = PopoverWindowController.swift; sourceTree = "<group>"; };
		F019 /* PopoverAnimationToken.swift */ = {isa = PBXFileReference; lastKnownFileType = sourcecode.swift; path = PopoverAnimationToken.swift; sourceTree = "<group>"; };
		F020 /* DisplayGamma.swift */ = {isa = PBXFileReference; lastKnownFileType = sourcecode.swift; path = DisplayGamma.swift; sourceTree = "<group>"; };
		PRODUCT /* MyMenu.app */ = {isa = PBXFileReference; explicitFileType = wrapper.application; includeInIndex = 0; path = MyMenu.app; sourceTree = BUILT_PRODUCTS_DIR; };
		FFW01 /* CoreDisplay.framework */ = {isa = PBXFileReference; lastKnownFileType = wrapper.framework; name = CoreDisplay.framework; path = System/Library/Frameworks/CoreDisplay.framework; sourceTree = SDKROOT; };
/* End PBXFileReference section */

/* Begin PBXFrameworksBuildPhase section */
		FRAMEWORKS /* Frameworks */ = {
			isa = PBXFrameworksBuildPhase;
			buildActionMask = 2147483647;
			files = (
				BFW01 /* CoreDisplay.framework in Frameworks */,
			);
			runOnlyForDeploymentPostprocessing = 0;
		};
/* End PBXFrameworksBuildPhase section */

/* Begin PBXGroup section */
		ROOT = {
			isa = PBXGroup;
			children = (
				GMYMENU /* MyMenu */,
				GPRODUCTS /* Products */,
			);
			sourceTree = "<group>";
		};
		GPRODUCTS /* Products */ = {
			isa = PBXGroup;
			children = (
				PRODUCT /* MyMenu.app */,
			);
			name = Products;
			sourceTree = "<group>";
		};
		GMYMENU /* MyMenu */ = {
			isa = PBXGroup;
			children = (
				F001 /* MyMenuApp.swift */,
				F017 /* AppDelegate.swift */,
				F018 /* PopoverWindowController.swift */,
				F011 /* Info.plist */,
				F012 /* MyMenu.entitlements */,
				GCORE /* Core */,
				GDESIGN /* Design */,
				GVIEWS /* Views */,
				GTHIRD /* ThirdParty */,
			);
			path = MyMenu;
			sourceTree = "<group>";
		};
		GCORE /* Core */ = {
			isa = PBXGroup;
			children = (
				F002 /* BrightnessBackend.swift */,
				F003 /* DDCBrightnessBackend.swift */,
				F004 /* DisplayRouter.swift */,
				F005 /* GammaBrightnessBackend.swift */,
				F006 /* OverlayBrightnessBackend.swift */,
				F020 /* DisplayGamma.swift */,
			);
			path = Core;
			sourceTree = "<group>";
		};
		GDESIGN /* Design */ = {
			isa = PBXGroup;
			children = (
				F007 /* BrightnessDesign.swift */,
				F014 /* PopoverAppearModifier.swift */,
				F019 /* PopoverAnimationToken.swift */,
			);
			path = Design;
			sourceTree = "<group>";
		};
		GVIEWS /* Views */ = {
			isa = PBXGroup;
			children = (
				F008 /* BrightnessPopoverView.swift */,
				F016 /* GlassBrightnessControl.swift */,
				F009 /* ExternalBrightnessSlider.swift */,
			);
			path = Views;
			sourceTree = "<group>";
		};
		GTHIRD /* ThirdParty */ = {
			isa = PBXGroup;
			children = (
				F010 /* Arm64DDC.swift */,
				F013 /* Bridging-Header.h */,
			);
			path = ThirdParty;
			sourceTree = "<group>";
		};
/* End PBXGroup section */

/* Begin PBXNativeTarget section */
		TARGET /* MyMenu */ = {
			isa = PBXNativeTarget;
			buildConfigurationList = TARGETCFG /* Build configuration list for PBXNativeTarget "MyMenu" */;
			buildPhases = (
				SOURCES /* Sources */,
				FRAMEWORKS /* Frameworks */,
			);
			buildRules = (
			);
			dependencies = (
			);
			name = MyMenu;
			productName = MyMenu;
			productReference = PRODUCT /* MyMenu.app */;
			productType = "com.apple.product-type.application";
		};
/* End PBXNativeTarget section */

/* Begin PBXProject section */
		PROJECT /* Project object */ = {
			isa = PBXProject;
			attributes = {
				BuildIndependentTargetsInParallel = 1;
				LastSwiftUpdateCheck = 2600;
				LastUpgradeCheck = 2600;
			};
			buildConfigurationList = PROJECTCFG /* Build configuration list for PBXProject "MyMenu" */;
			compatibilityVersion = "Xcode 14.0";
			developmentRegion = en;
			hasScannedForEncodings = 0;
			knownRegions = (
				en,
				Base,
			);
			mainGroup = ROOT;
			productRefGroup = GPRODUCTS /* Products */;
			projectDirPath = "";
			projectRoot = "";
			targets = (
				TARGET /* MyMenu */,
			);
		};
/* End PBXProject section */

/* Begin PBXSourcesBuildPhase section */
		SOURCES /* Sources */ = {
			isa = PBXSourcesBuildPhase;
			buildActionMask = 2147483647;
			files = (
				B001 /* MyMenuApp.swift in Sources */,
				B014 /* AppDelegate.swift in Sources */,
				B002 /* BrightnessBackend.swift in Sources */,
				B003 /* DDCBrightnessBackend.swift in Sources */,
				B004 /* DisplayRouter.swift in Sources */,
				B005 /* GammaBrightnessBackend.swift in Sources */,
				B006 /* OverlayBrightnessBackend.swift in Sources */,
				B007 /* BrightnessDesign.swift in Sources */,
				B008 /* BrightnessPopoverView.swift in Sources */,
				B009 /* ExternalBrightnessSlider.swift in Sources */,
				B010 /* Arm64DDC.swift in Sources */,
				B011 /* PopoverAppearModifier.swift in Sources */,
				B013 /* GlassBrightnessControl.swift in Sources */,
				B015 /* PopoverWindowController.swift in Sources */,
				B016 /* PopoverAnimationToken.swift in Sources */,
				B017 /* DisplayGamma.swift in Sources */,
			);
			runOnlyForDeploymentPostprocessing = 0;
		};
/* End PBXSourcesBuildPhase section */

/* Begin XCBuildConfiguration section */
		PROJDBG /* Debug */ = {
			isa = XCBuildConfiguration;
			buildSettings = {
				ALWAYS_SEARCH_USER_PATHS = NO;
				CLANG_ENABLE_MODULES = YES;
				CLANG_WARN_BLOCK_CAPTURE_AUTORELEASING = YES;
				CLANG_WARN_BOOL_CONVERSION = YES;
				CLANG_WARN_CONSTANT_CONVERSION = YES;
				CLANG_WARN_EMPTY_BODY = YES;
				CLANG_WARN_ENUM_CONVERSION = YES;
				CLANG_WARN_INT_CONVERSION = YES;
				CLANG_WARN_UNREACHABLE_CODE = YES;
				COPY_PHASE_STRIP = NO;
				DEBUG_INFORMATION_FORMAT = dwarf;
				ENABLE_STRICT_OBJC_MSGSEND = YES;
				ENABLE_TESTABILITY = YES;
				GCC_DYNAMIC_NO_PIC = NO;
				GCC_OPTIMIZATION_LEVEL = 0;
				MACOSX_DEPLOYMENT_TARGET = 26.0;
				ONLY_ACTIVE_ARCH = YES;
				SDKROOT = macosx;
				SWIFT_ACTIVE_COMPILATION_CONDITIONS = "DEBUG $(inherited)";
				SWIFT_OPTIMIZATION_LEVEL = "-Onone";
			};
			name = Debug;
		};
		PROJREL /* Release */ = {
			isa = XCBuildConfiguration;
			buildSettings = {
				ALWAYS_SEARCH_USER_PATHS = NO;
				CLANG_ENABLE_MODULES = YES;
				COPY_PHASE_STRIP = NO;
				DEBUG_INFORMATION_FORMAT = "dwarf-with-dsym";
				MACOSX_DEPLOYMENT_TARGET = 26.0;
				SDKROOT = macosx;
				SWIFT_COMPILATION_MODE = wholemodule;
			};
			name = Release;
		};
		TGTDBG /* Debug */ = {
			isa = XCBuildConfiguration;
			buildSettings = {
				CODE_SIGN_ENTITLEMENTS = MyMenu/MyMenu.entitlements;
				CODE_SIGN_STYLE = Automatic;
				COMBINE_HIDPI_IMAGES = YES;
				CURRENT_PROJECT_VERSION = 1;
				ENABLE_HARDENED_RUNTIME = YES;
				GENERATE_INFOPLIST_FILE = NO;
				INFOPLIST_FILE = MyMenu/Info.plist;
				LD_RUNPATH_SEARCH_PATHS = (
					"$(inherited)",
					"@executable_path/../Frameworks",
				);
				MARKETING_VERSION = 0.1.0;
				PRODUCT_BUNDLE_IDENTIFIER = com.mymenu.MyMenu;
				PRODUCT_NAME = "$(TARGET_NAME)";
				SWIFT_EMIT_LOC_STRINGS = YES;
				SWIFT_OBJC_BRIDGING_HEADER = "MyMenu/ThirdParty/Bridging-Header.h";
				SWIFT_VERSION = 5.0;
			};
			name = Debug;
		};
		TGTREL /* Release */ = {
			isa = XCBuildConfiguration;
			buildSettings = {
				CODE_SIGN_ENTITLEMENTS = MyMenu/MyMenu.entitlements;
				CODE_SIGN_STYLE = Automatic;
				COMBINE_HIDPI_IMAGES = YES;
				CURRENT_PROJECT_VERSION = 1;
				ENABLE_HARDENED_RUNTIME = YES;
				GENERATE_INFOPLIST_FILE = NO;
				INFOPLIST_FILE = MyMenu/Info.plist;
				LD_RUNPATH_SEARCH_PATHS = (
					"$(inherited)",
					"@executable_path/../Frameworks",
				);
				MARKETING_VERSION = 0.1.0;
				PRODUCT_BUNDLE_IDENTIFIER = com.mymenu.MyMenu;
				PRODUCT_NAME = "$(TARGET_NAME)";
				SWIFT_EMIT_LOC_STRINGS = YES;
				SWIFT_OBJC_BRIDGING_HEADER = "MyMenu/ThirdParty/Bridging-Header.h";
				SWIFT_VERSION = 5.0;
			};
			name = Release;
		};
/* End XCBuildConfiguration section */

/* Begin XCConfigurationList section */
		PROJECTCFG /* Build configuration list for PBXProject "MyMenu" */ = {
			isa = XCConfigurationList;
			buildConfigurations = (
				PROJDBG /* Debug */,
				PROJREL /* Release */,
			);
			defaultConfigurationIsVisible = 0;
			defaultConfigurationName = Release;
		};
		TARGETCFG /* Build configuration list for PBXNativeTarget "MyMenu" */ = {
			isa = XCConfigurationList;
			buildConfigurations = (
				TGTDBG /* Debug */,
				TGTREL /* Release */,
			);
			defaultConfigurationIsVisible = 0;
			defaultConfigurationName = Release;
		};
/* End XCConfigurationList section */
	};
	rootObject = PROJECT /* Project object */;
}
